// !$*UTF8*$!
{
	archiveVersion = 1;
	classes = {
	};
	objectVersion = 50;
	objects = {

/* Begin PBXBuildFile section */
		9B778533235BB90600CBAE58 /* main.swift in Sources */ = {isa = PBXBuildFile; fileRef = 9B778532235BB90600CBAE58 /* main.swift */; };
		9B77853A235BB9A400CBAE58 /* Internet.swift in Sources */ = {isa = PBXBuildFile; fileRef = 9B778539235BB9A400CBAE58 /* Internet.swift */; };
		9B77853C235BB9AE00CBAE58 /* Mobile.swift in Sources */ = {isa = PBXBuildFile; fileRef = 9B77853B235BB9AE00CBAE58 /* Mobile.swift */; };
		9B77853E235BB9C300CBAE58 /* Hydro.swift in Sources */ = {isa = PBXBuildFile; fileRef = 9B77853D235BB9C300CBAE58 /* Hydro.swift */; };
		9B778540235BB9D800CBAE58 /* Customer.swift in Sources */ = {isa = PBXBuildFile; fileRef = 9B77853F235BB9D800CBAE58 /* Customer.swift */; };
		9B778542235BB9EA00CBAE58 /* Bill.swift in Sources */ = {isa = PBXBuildFile; fileRef = 9B778541235BB9EA00CBAE58 /* Bill.swift */; };
		9B778544235BB9FC00CBAE58 /* IDisplay.swift in Sources */ = {isa = PBXBuildFile; fileRef = 9B778543235BB9FC00CBAE58 /* IDisplay.swift */; };
		9B778546235BBB2400CBAE58 /* Insurance.swift in Sources */ = {isa = PBXBuildFile; fileRef = 9B778545235BBB2400CBAE58 /* Insurance.swift */; };
		9B778549235BC57D00CBAE58 /*  CurrencyExtension.swift in Sources */ = {isa = PBXBuildFile; fileRef = 9B778548235BC57D00CBAE58 /*  CurrencyExtension.swift */; };
		9B77854B235BC66400CBAE58 /* DateExtension.swift in Sources */ = {isa = PBXBuildFile; fileRef = 9B77854A235BC66400CBAE58 /* DateExtension.swift */; };
/* End PBXBuildFile section */

/* Begin PBXCopyFilesBuildPhase section */
		9B77852D235BB90600CBAE58 /* CopyFiles */ = {
			isa = PBXCopyFilesBuildPhase;
			buildActionMask = 2147483647;
			dstPath = /usr/share/man/man1/;
			dstSubfolderSpec = 0;
			files = (
			);
			runOnlyForDeploymentPostprocessing = 1;
		};
/* End PBXCopyFilesBuildPhase section */

/* Begin PBXFileReference section */
		9B77852F235BB90600CBAE58 /* C0769647_F2019_MID_TERM_MAD3004 */ = {isa = PBXFileReference; explicitFileType = "compiled.mach-o.executable"; includeInIndex = 0; path = C0769647_F2019_MID_TERM_MAD3004; sourceTree = BUILT_PRODUCTS_DIR; };
		9B778532235BB90600CBAE58 /* main.swift */ = {isa = PBXFileReference; lastKnownFileType = sourcecode.swift; path = main.swift; sourceTree = "<group>"; };
		9B778539235BB9A400CBAE58 /* Internet.swift */ = {isa = PBXFileReference; lastKnownFileType = sourcecode.swift; path = Internet.swift; sourceTree = "<group>"; };
		9B77853B235BB9AE00CBAE58 /* Mobile.swift */ = {isa = PBXFileReference; lastKnownFileType = sourcecode.swift; path = Mobile.swift; sourceTree = "<group>"; };
		9B77853D235BB9C300CBAE58 /* Hydro.swift */ = {isa = PBXFileReference; lastKnownFileType = sourcecode.swift; path = Hydro.swift; sourceTree = "<group>"; };
		9B77853F235BB9D800CBAE58 /* Customer.swift */ = {isa = PBXFileReference; lastKnownFileType = sourcecode.swift; path = Customer.swift; sourceTree = "<group>"; };
		9B778541235BB9EA00CBAE58 /* Bill.swift */ = {isa = PBXFileReference; lastKnownFileType = sourcecode.swift; path = Bill.swift; sourceTree = "<group>"; };
		9B778543235BB9FC00CBAE58 /* IDisplay.swift */ = {isa = PBXFileReference; lastKnownFileType = sourcecode.swift; path = IDisplay.swift; sourceTree = "<group>"; };
		9B778545235BBB2400CBAE58 /* Insurance.swift */ = {isa = PBXFileReference; lastKnownFileType = sourcecode.swift; path = Insurance.swift; sourceTree = "<group>"; };
		9B778548235BC57D00CBAE58 /*  CurrencyExtension.swift */ = {isa = PBXFileReference; lastKnownFileType = sourcecode.swift; path = " CurrencyExtension.swift"; sourceTree = "<group>"; };
		9B77854A235BC66400CBAE58 /* DateExtension.swift */ = {isa = PBXFileReference; lastKnownFileType = sourcecode.swift; path = DateExtension.swift; sourceTree = "<group>"; };
/* End PBXFileReference section */

/* Begin PBXFrameworksBuildPhase section */
		9B77852C235BB90600CBAE58 /* Frameworks */ = {
			isa = PBXFrameworksBuildPhase;
			buildActionMask = 2147483647;
			files = (
			);
			runOnlyForDeploymentPostprocessing = 0;
		};
/* End PBXFrameworksBuildPhase section */

/* Begin PBXGroup section */
		9B778526235BB90600CBAE58 = {
			isa = PBXGroup;
			children = (
				9B778531235BB90600CBAE58 /* C0769647_F2019_MID_TERM_MAD3004 */,
				9B778530235BB90600CBAE58 /* Products */,
			);
			sourceTree = "<group>";
		};
		9B778530235BB90600CBAE58 /* Products */ = {
			isa = PBXGroup;
			children = (
				9B77852F235BB90600CBAE58 /* C0769647_F2019_MID_TERM_MAD3004 */,
			);
			name = Products;
			sourceTree = "<group>";
		};
		9B778531235BB90600CBAE58 /* C0769647_F2019_MID_TERM_MAD3004 */ = {
			isa = PBXGroup;
			children = (
				9B778547235BC52D00CBAE58 /* Extensions */,
				9B778532235BB90600CBAE58 /* main.swift */,
				9B778539235BB9A400CBAE58 /* Internet.swift */,
				9B77853B235BB9AE00CBAE58 /* Mobile.swift */,
				9B77853D235BB9C300CBAE58 /* Hydro.swift */,
				9B77853F235BB9D800CBAE58 /* Customer.swift */,
				9B778541235BB9EA00CBAE58 /* Bill.swift */,
				9B778543235BB9FC00CBAE58 /* IDisplay.swift */,
				9B778545235BBB2400CBAE58 /* Insurance.swift */,
			);
			path = C0769647_F2019_MID_TERM_MAD3004;
			sourceTree = "<group>";
		};
		9B778547235BC52D00CBAE58 /* Extensions */ = {
			isa = PBXGroup;
			children = (
				9B778548235BC57D00CBAE58 /*  CurrencyExtension.swift */,
				9B77854A235BC66400CBAE58 /* DateExtension.swift */,
			);
			path = Extensions;
			sourceTree = "<group>";
		};
/* End PBXGroup section */

/* Begin PBXNativeTarget section */
		9B77852E235BB90600CBAE58 /* C0769647_F2019_MID_TERM_MAD3004 */ = {
			isa = PBXNativeTarget;
			buildConfigurationList = 9B778536235BB90600CBAE58 /* Build configuration list for PBXNativeTarget "C0769647_F2019_MID_TERM_MAD3004" */;
			buildPhases = (
				9B77852B235BB90600CBAE58 /* Sources */,
				9B77852C235BB90600CBAE58 /* Frameworks */,
				9B77852D235BB90600CBAE58 /* CopyFiles */,
			);
			buildRules = (
			);
			dependencies = (
			);
			name = C0769647_F2019_MID_TERM_MAD3004;
			productName = C0769647_F2019_MID_TERM_MAD3004;
			productReference = 9B77852F235BB90600CBAE58 /* C0769647_F2019_MID_TERM_MAD3004 */;
			productType = "com.apple.product-type.tool";
		};
/* End PBXNativeTarget section */

/* Begin PBXProject section */
		9B778527235BB90600CBAE58 /* Project object */ = {
			isa = PBXProject;
			attributes = {
				LastSwiftUpdateCheck = 1030;
				LastUpgradeCheck = 1030;
				ORGANIZATIONNAME = MacStudent;
				TargetAttributes = {
					9B77852E235BB90600CBAE58 = {
						CreatedOnToolsVersion = 10.3;
					};
				};
			};
			buildConfigurationList = 9B77852A235BB90600CBAE58 /* Build configuration list for PBXProject "C0769647_F2019_MID_TERM_MAD3004" */;
			compatibilityVersion = "Xcode 9.3";
			developmentRegion = en;
			hasScannedForEncodings = 0;
			knownRegions = (
				en,
			);
			mainGroup = 9B778526235BB90600CBAE58;
			productRefGroup = 9B778530235BB90600CBAE58 /* Products */;
			projectDirPath = "";
			projectRoot = "";
			targets = (
				9B77852E235BB90600CBAE58 /* C0769647_F2019_MID_TERM_MAD3004 */,
			);
		};
/* End PBXProject section */

/* Begin PBXSourcesBuildPhase section */
		9B77852B235BB90600CBAE58 /* Sources */ = {
			isa = PBXSourcesBuildPhase;
			buildActionMask = 2147483647;
			files = (
				9B77853E235BB9C300CBAE58 /* Hydro.swift in Sources */,
				9B77854B235BC66400CBAE58 /* DateExtension.swift in Sources */,
				9B778540235BB9D800CBAE58 /* Customer.swift in Sources */,
				9B778546235BBB2400CBAE58 /* Insurance.swift in Sources */,
				9B77853C235BB9AE00CBAE58 /* Mobile.swift in Sources */,
				9B778544235BB9FC00CBAE58 /* IDisplay.swift in Sources */,
				9B77853A235BB9A400CBAE58 /* Internet.swift in Sources */,
				9B778549235BC57D00CBAE58 /*  CurrencyExtension.swift in Sources */,
				9B778542235BB9EA00CBAE58 /* Bill.swift in Sources */,
				9B778533235BB90600CBAE58 /* main.swift in Sources */,
			);
			runOnlyForDeploymentPostprocessing = 0;
		};
/* End PBXSourcesBuildPhase section */

/* Begin XCBuildConfiguration section */
		9B778534235BB90600CBAE58 /* Debug */ = {
			isa = XCBuildConfiguration;
			buildSettings = {
				ALWAYS_SEARCH_USER_PATHS = NO;
				CLANG_ANALYZER_NONNULL = YES;
				CLANG_ANALYZER_NUMBER_OBJECT_CONVERSION = YES_AGGRESSIVE;
				CLANG_CXX_LANGUAGE_STANDARD = "gnu++14";
				CLANG_CXX_LIBRARY = "libc++";
				CLANG_ENABLE_MODULES = YES;
				CLANG_ENABLE_OBJC_ARC = YES;
				CLANG_ENABLE_OBJC_WEAK = YES;
				CLANG_WARN_BLOCK_CAPTURE_AUTORELEASING = YES;
				CLANG_WARN_BOOL_CONVERSION = YES;
				CLANG_WARN_COMMA = YES;
				CLANG_WARN_CONSTANT_CONVERSION = YES;
				CLANG_WARN_DEPRECATED_OBJC_IMPLEMENTATIONS = YES;
				CLANG_WARN_DIRECT_OBJC_ISA_USAGE = YES_ERROR;
				CLANG_WARN_DOCUMENTATION_COMMENTS = YES;
				CLANG_WARN_EMPTY_BODY = YES;
				CLANG_WARN_ENUM_CONVERSION = YES;
				CLANG_WARN_INFINITE_RECURSION = YES;
				CLANG_WARN_INT_CONVERSION = YES;
				CLANG_WARN_NON_LITERAL_NULL_CONVERSION = YES;
				CLANG_WARN_OBJC_IMPLICIT_RETAIN_SELF = YES;
				CLANG_WARN_OBJC_LITERAL_CONVERSION = YES;
				CLANG_WARN_OBJC_ROOT_CLASS = YES_ERROR;
				CLANG_WARN_RANGE_LOOP_ANALYSIS = YES;
				CLANG_WARN_STRICT_PROTOTYPES = YES;
				CLANG_WARN_SUSPICIOUS_MOVE = YES;
				CLANG_WARN_UNGUARDED_AVAILABILITY = YES_AGGRESSIVE;
				CLANG_WARN_UNREACHABLE_CODE = YES;
				CLANG_WARN__DUPLICATE_METHOD_MATCH = YES;
				CODE_SIGN_IDENTITY = "-";
				COPY_PHASE_STRIP = NO;
				DEBUG_INFORMATION_FORMAT = dwarf;
				ENABLE_STRICT_OBJC_MSGSEND = YES;
				ENABLE_TESTABILITY = YES;
				GCC_C_LANGUAGE_STANDARD = gnu11;
				GCC_DYNAMIC_NO_PIC = NO;
				GCC_NO_COMMON_BLOCKS = YES;
				GCC_OPTIMIZATION_LEVEL = 0;
				GCC_PREPROCESSOR_DEFINITIONS = (
					"DEBUG=1",
					"$(inherited)",
				);
				GCC_WARN_64_TO_32_BIT_CONVERSION = YES;
				GCC_WARN_ABOUT_RETURN_TYPE = YES_ERROR;
				GCC_WARN_UNDECLARED_SELECTOR = YES;
				GCC_WARN_UNINITIALIZED_AUTOS = YES_AGGRESSIVE;
				GCC_WARN_UNUSED_FUNCTION = YES;
				GCC_WARN_UNUSED_VARIABLE = YES;
				MACOSX_DEPLOYMENT_TARGET = 10.14;
				MTL_ENABLE_DEBUG_INFO = INCLUDE_SOURCE;
				MTL_FAST_MATH = YES;
				ONLY_ACTIVE_ARCH = YES;
				SDKROOT = macosx;
				SWIFT_ACTIVE_COMPILATION_CONDITIONS = DEBUG;
				SWIFT_OPTIMIZATION_LEVEL = "-Onone";
			};
			name = Debug;
		};
		9B778535235BB90600CBAE58 /* Release */ = {
			isa = XCBuildConfiguration;
			buildSettings = {
				ALWAYS_SEARCH_USER_PATHS = NO;
				CLANG_ANALYZER_NONNULL = YES;
				CLANG_ANALYZER_NUMBER_OBJECT_CONVERSION = YES_AGGRESSIVE;
				CLANG_CXX_LANGUAGE_STANDARD = "gnu++14";
				CLANG_CXX_LIBRARY = "libc++";
				CLANG_ENABLE_MODULES = YES;
				CLANG_ENABLE_OBJC_ARC = YES;
				CLANG_ENABLE_OBJC_WEAK = YES;
				CLANG_WARN_BLOCK_CAPTURE_AUTORELEASING = YES;
				CLANG_WARN_BOOL_CONVERSION = YES;
				CLANG_WARN_COMMA = YES;
				CLANG_WARN_CONSTANT_CONVERSION = YES;
				CLANG_WARN_DEPRECATED_OBJC_IMPLEMENTATIONS = YES;
				CLANG_WARN_DIRECT_OBJC_ISA_USAGE = YES_ERROR;
				CLANG_WARN_DOCUMENTATION_COMMENTS = YES;
				CLANG_WARN_EMPTY_BODY = YES;
				CLANG_WARN_ENUM_CONVERSION = YES;
				CLANG_WARN_INFINITE_RECURSION = YES;
				CLANG_WARN_INT_CONVERSION = YES;
				CLANG_WARN_NON_LITERAL_NULL_CONVERSION = YES;
				CLANG_WARN_OBJC_IMPLICIT_RETAIN_SELF = YES;
				CLANG_WARN_OBJC_LITERAL_CONVERSION = YES;
				CLANG_WARN_OBJC_ROOT_CLASS = YES_ERROR;
				CLANG_WARN_RANGE_LOOP_ANALYSIS = YES;
				CLANG_WARN_STRICT_PROTOTYPES = YES;
				CLANG_WARN_SUSPICIOUS_MOVE = YES;
				CLANG_WARN_UNGUARDED_AVAILABILITY = YES_AGGRESSIVE;
				CLANG_WARN_UNREACHABLE_CODE = YES;
				CLANG_WARN__DUPLICATE_METHOD_MATCH = YES;
				CODE_SIGN_IDENTITY = "-";
				COPY_PHASE_STRIP = NO;
				DEBUG_INFORMATION_FORMAT = "dwarf-with-dsym";
				ENABLE_NS_ASSERTIONS = NO;
				ENABLE_STRICT_OBJC_MSGSEND = YES;
				GCC_C_LANGUAGE_STANDARD = gnu11;
				GCC_NO_COMMON_BLOCKS = YES;
				GCC_WARN_64_TO_32_BIT_CONVERSION = YES;
				GCC_WARN_ABOUT_RETURN_TYPE = YES_ERROR;
				GCC_WARN_UNDECLARED_SELECTOR = YES;
				GCC_WARN_UNINITIALIZED_AUTOS = YES_AGGRESSIVE;
				GCC_WARN_UNUSED_FUNCTION = YES;
				GCC_WARN_UNUSED_VARIABLE = YES;
				MACOSX_DEPLOYMENT_TARGET = 10.14;
				MTL_ENABLE_DEBUG_INFO = NO;
				MTL_FAST_MATH = YES;
				SDKROOT = macosx;
				SWIFT_COMPILATION_MODE = wholemodule;
				SWIFT_OPTIMIZATION_LEVEL = "-O";
			};
			name = Release;
		};
		9B778537235BB90600CBAE58 /* Debug */ = {
			isa = XCBuildConfiguration;
			buildSettings = {
				CODE_SIGN_STYLE = Automatic;
				PRODUCT_NAME = "$(TARGET_NAME)";
				SWIFT_VERSION = 5.0;
			};
			name = Debug;
		};
		9B778538235BB90600CBAE58 /* Release */ = {
			isa = XCBuildConfiguration;
			buildSettings = {
				CODE_SIGN_STYLE = Automatic;
				PRODUCT_NAME = "$(TARGET_NAME)";
				SWIFT_VERSION = 5.0;
			};
			name = Release;
		};
/* End XCBuildConfiguration section */

/* Begin XCConfigurationList section */
		9B77852A235BB90600CBAE58 /* Build configuration list for PBXProject "C0769647_F2019_MID_TERM_MAD3004" */ = {
			isa = XCConfigurationList;
			buildConfigurations = (
				9B778534235BB90600CBAE58 /* Debug */,
				9B778535235BB90600CBAE58 /* Release */,
			);
			defaultConfigurationIsVisible = 0;
			defaultConfigurationName = Release;
		};
		9B778536235BB90600CBAE58 /* Build configuration list for PBXNativeTarget "C0769647_F2019_MID_TERM_MAD3004" */ = {
			isa = XCConfigurationList;
			buildConfigurations = (
				9B778537235BB90600CBAE58 /* Debug */,
				9B778538235BB90600CBAE58 /* Release */,
			);
			defaultConfigurationIsVisible = 0;
			defaultConfigurationName = Release;
		};
/* End XCConfigurationList section */
	};
	rootObject = 9B778527235BB90600CBAE58 /* Project object */;
}
